
Microsoft Visual Studio Solution File, Format Version 12.00
# Visual Studio 15
VisualStudioVersion = 15.0.26430.16
MinimumVisualStudioVersion = 10.0.40219.1
Project("{FAE04EC0-301F-11D3-BF4B-00C04F79EFBC}") = "WebService_Aula14_Atividade8", "WebService_Aula14_Atividade8\WebService_Aula14_Atividade8.csproj", "{A43922F0-B5B8-4193-88C7-080842708CF8}"
EndProject
Global
	GlobalSection(SolutionConfigurationPlatforms) = preSolution
		Debug|Any CPU = Debug|Any CPU
		Release|Any CPU = Release|Any CPU
	EndGlobalSection
	GlobalSection(ProjectConfigurationPlatforms) = postSolution
		{A43922F0-B5B8-4193-88C7-080842708CF8}.Debug|Any CPU.ActiveCfg = Debug|Any CPU
		{A43922F0-B5B8-4193-88C7-080842708CF8}.Debug|Any CPU.Build.0 = Debug|Any CPU
		{A43922F0-B5B8-4193-88C7-080842708CF8}.Release|Any CPU.ActiveCfg = Release|Any CPU
		{A43922F0-B5B8-4193-88C7-080842708CF8}.Release|Any CPU.Build.0 = Release|Any CPU
	EndGlobalSection
	GlobalSection(SolutionProperties) = preSolution
		HideSolutionNode = FALSE
	EndGlobalSection
EndGlobal
